
Microsoft Visual Studio Solution File, Format Version 12.00
Project("{FAE04EC0-301F-11D3-BF4B-00C04F79EFBC}") = "WebJsonRpc", "WebJsonRpc\WebJsonRpc.csproj", "{F6C67D55-7571-4EC1-9B5B-619270600500}"
EndProject
Project("{FAE04EC0-301F-11D3-BF4B-00C04F79EFBC}") = "StreamJsonRpcClientDemo", "StreamJsonRpcClientDemo\StreamJsonRpcClientDemo.csproj", "{828FF6BE-3805-493C-A6EB-756A9C38A9E8}"
EndProject
Project("{FAE04EC0-301F-11D3-BF4B-00C04F79EFBC}") = "StreamJsonRpcWebSocketClient", "StreamJsonRpcWebSocketClient\StreamJsonRpcWebSocketClient.csproj", "{360BAF5E-670D-4B54-AC47-5AF67C7AA9C9}"
EndProject
Global
	GlobalSection(SolutionConfigurationPlatforms) = preSolution
		Debug|Any CPU = Debug|Any CPU
		Release|Any CPU = Release|Any CPU
	EndGlobalSection
	GlobalSection(ProjectConfigurationPlatforms) = postSolution
		{F6C67D55-7571-4EC1-9B5B-619270600500}.Debug|Any CPU.ActiveCfg = Debug|Any CPU
		{F6C67D55-7571-4EC1-9B5B-619270600500}.Debug|Any CPU.Build.0 = Debug|Any CPU
		{F6C67D55-7571-4EC1-9B5B-619270600500}.Release|Any CPU.ActiveCfg = Release|Any CPU
		{F6C67D55-7571-4EC1-9B5B-619270600500}.Release|Any CPU.Build.0 = Release|Any CPU
		{828FF6BE-3805-493C-A6EB-756A9C38A9E8}.Debug|Any CPU.ActiveCfg = Debug|Any CPU
		{828FF6BE-3805-493C-A6EB-756A9C38A9E8}.Debug|Any CPU.Build.0 = Debug|Any CPU
		{828FF6BE-3805-493C-A6EB-756A9C38A9E8}.Release|Any CPU.ActiveCfg = Release|Any CPU
		{828FF6BE-3805-493C-A6EB-756A9C38A9E8}.Release|Any CPU.Build.0 = Release|Any CPU
		{360BAF5E-670D-4B54-AC47-5AF67C7AA9C9}.Debug|Any CPU.ActiveCfg = Debug|Any CPU
		{360BAF5E-670D-4B54-AC47-5AF67C7AA9C9}.Debug|Any CPU.Build.0 = Debug|Any CPU
		{360BAF5E-670D-4B54-AC47-5AF67C7AA9C9}.Release|Any CPU.ActiveCfg = Release|Any CPU
		{360BAF5E-670D-4B54-AC47-5AF67C7AA9C9}.Release|Any CPU.Build.0 = Release|Any CPU
	EndGlobalSection
EndGlobal
